{
  "name": "svgprocess",
  "version": "0.1.0",
  "lockfileVersion": 1,
  "requires": true,
  "dependencies": {
    "@babel/runtime": {
      "version": "7.2.0",
      "resolved": "https://registry.npmjs.org/@babel/runtime/-/runtime-7.2.0.tgz",
      "integrity": "sha512-oouEibCbHMVdZSDlJBO6bZmID/zA/G/Qx3H1d3rSNPTD+L8UNKvCat7aKWSJ74zYbm5zWGh0GQN0hKj8zYFTCg==",
      "requires": {
        "regenerator-runtime": "^0.12.0"
      }
    },
    "css-color-list": {
      "version": "0.0.1",
      "resolved": "https://registry.npmjs.org/css-color-list/-/css-color-list-0.0.1.tgz",
      "integrity": "sha1-hxjoaVrnosyHh76HFfHACKfyixU=",
      "requires": {
        "css-color-names": "0.0.1"
      },
      "dependencies": {
        "css-color-names": {
          "version": "0.0.1",
          "resolved": "http://registry.npmjs.org/css-color-names/-/css-color-names-0.0.1.tgz",
          "integrity": "sha1-XQVI+iVkVu3kqaDCrHqxnT6xrYE="
        }
      }
    },
    "get-contrast": {
      "version": "2.0.0",
      "resolved": "https://registry.npmjs.org/get-contrast/-/get-contrast-2.0.0.tgz",
      "integrity": "sha1-yWVJfSWNTCPQOgZZVIWsw9Ue1vs=",
      "requires": {
        "css-color-names": "0.0.3",
        "is-blank": "1.1.0",
        "is-named-css-color": "1.0.0",
        "rgb": "^0.1.0",
        "wcag-contrast": "0.1.0"
      },
      "dependencies": {
        "css-color-names": {
          "version": "0.0.3",
          "resolved": "http://registry.npmjs.org/css-color-names/-/css-color-names-0.0.3.tgz",
          "integrity": "sha1-3gzvFvTYqoIioyDVttfpu62nufY="
        }
      }
    },
    "hex-rgb": {
      "version": "1.0.0",
      "resolved": "https://registry.npmjs.org/hex-rgb/-/hex-rgb-1.0.0.tgz",
      "integrity": "sha1-UyJ1aXy5gj4FJCmxhMZ4HUbP30k="
    },
    "is-blank": {
      "version": "1.1.0",
      "resolved": "https://registry.npmjs.org/is-blank/-/is-blank-1.1.0.tgz",
      "integrity": "sha1-knTdvUY2PLdnB1w4XUq4jGpk3Bc=",
      "requires": {
        "is-empty": "0.0.1",
        "is-whitespace": "^0.3.0"
      }
    },
    "is-empty": {
      "version": "0.0.1",
      "resolved": "http://registry.npmjs.org/is-empty/-/is-empty-0.0.1.tgz",
      "integrity": "sha1-Cf3D1kndpZaRVsCFOpt2vXgcWjM="
    },
    "is-named-css-color": {
      "version": "1.0.0",
      "resolved": "https://registry.npmjs.org/is-named-css-color/-/is-named-css-color-1.0.0.tgz",
      "integrity": "sha1-O1+JvcSlFf9O0lcU/8ZBKaJVmbc=",
      "requires": {
        "css-color-list": "0.0.1"
      }
    },
    "is-whitespace": {
      "version": "0.3.0",
      "resolved": "https://registry.npmjs.org/is-whitespace/-/is-whitespace-0.3.0.tgz",
      "integrity": "sha1-Fjnssb4DauxppUy7QBz77XEUq38="
    },
    "lodash.debounce": {
      "version": "4.0.8",
      "resolved": "https://registry.npmjs.org/lodash.debounce/-/lodash.debounce-4.0.8.tgz",
      "integrity": "sha1-gteb/zCmfEAF/9XiUVMArZyk168="
    },
    "memoize-one": {
      "version": "3.1.1",
      "resolved": "http://registry.npmjs.org/memoize-one/-/memoize-one-3.1.1.tgz",
      "integrity": "sha512-YqVh744GsMlZu6xkhGslPSqSurOv6P+kLN2J3ysBZfagLcL5FdRK/0UpgLoL8hwjjEvvAVkjJZyFP+1T6p1vgA=="
    },
    "moment": {
      "version": "2.22.2",
      "resolved": "https://registry.npmjs.org/moment/-/moment-2.22.2.tgz",
      "integrity": "sha1-PCV/mDn8DpP/UxSWMiOeuQeD/2Y="
    },
    "randomcolor": {
      "version": "0.5.3",
      "resolved": "https://registry.npmjs.org/randomcolor/-/randomcolor-0.5.3.tgz",
      "integrity": "sha1-f5Dy8qf21aUiMhYe6u6uqaw7WBU="
    },
    "react-provide-scroll-position": {
      "version": "1.0.2",
      "resolved": "https://registry.npmjs.org/react-provide-scroll-position/-/react-provide-scroll-position-1.0.2.tgz",
      "integrity": "sha512-G3fbGHHQfTQjyeFFzBGK6CQp9OL/YCyg6i0wiSgznIEyyifOaL5m7p9zZSPY6Fsv2tcqzH+MZgZGzaFQ/iUnNA==",
      "requires": {
        "lodash.debounce": "^4.0.8"
      }
    },
    "react-window": {
      "version": "1.3.1",
      "resolved": "https://registry.npmjs.org/react-window/-/react-window-1.3.1.tgz",
      "integrity": "sha512-hNeFTTrIcmypDuWAFgppeu6awNr3QFJhgFBa3MHLxsfjx2CHdTjjyP4CqCK1mh2diyA58jYaXGQoQjWzdHDYIQ==",
      "requires": {
        "@babel/runtime": "^7.0.0",
        "memoize-one": "^3.1.1"
      }
    },
    "regenerator-runtime": {
      "version": "0.12.1",
      "resolved": "https://registry.npmjs.org/regenerator-runtime/-/regenerator-runtime-0.12.1.tgz",
      "integrity": "sha512-odxIc1/vDlo4iZcfXqRYFj0vpXFNoGdKMAUieAlFYO6m/nl5e9KR/beGf41z4a1FI+aQgtjhuaSlDxQ0hmkrHg=="
    },
    "relative-luminance": {
      "version": "0.0.0",
      "resolved": "https://registry.npmjs.org/relative-luminance/-/relative-luminance-0.0.0.tgz",
      "integrity": "sha1-XFb3VofqciAj/k2W6kRoPM3x+/4="
    },
    "rgb": {
      "version": "0.1.0",
      "resolved": "https://registry.npmjs.org/rgb/-/rgb-0.1.0.tgz",
      "integrity": "sha1-vieykej+/+rBvZlylyG/pA/AN7U="
    },
    "shuffle-array": {
      "version": "1.0.1",
      "resolved": "https://registry.npmjs.org/shuffle-array/-/shuffle-array-1.0.1.tgz",
      "integrity": "sha1-xP88/nTRb5NzBZIwGyXmV3sSiYs="
    },
    "wcag-contrast": {
      "version": "0.1.0",
      "resolved": "http://registry.npmjs.org/wcag-contrast/-/wcag-contrast-0.1.0.tgz",
      "integrity": "sha1-auN5VOQElBcY7aGh2OJw2bVnGTQ=",
      "requires": {
        "hex-rgb": "~1.0.0",
        "relative-luminance": "0.0.0"
      }
    },
    "whammy": {
      "version": "0.0.1",
      "resolved": "https://registry.npmjs.org/whammy/-/whammy-0.0.1.tgz",
      "integrity": "sha1-z0vtn7qmh+2j9CCV/5m/cEsI0B4="
    }
  }
}
